
Microsoft Visual Studio Solution File, Format Version 12.00
# Visual Studio Version 17
VisualStudioVersion = 17.8.34511.84
MinimumVisualStudioVersion = 10.0.40219.1
Project("{FAE04EC0-301F-11D3-BF4B-00C04F79EFBC}") = "EmalingApp", "EmalingApp\EmalingApp.csproj", "{3F7C44F6-DA20-47BE-B304-B035E9B52EEA}"
EndProject
Global
	GlobalSection(SolutionConfigurationPlatforms) = preSolution
		Debug|Any CPU = Debug|Any CPU
		Release|Any CPU = Release|Any CPU
	EndGlobalSection
	GlobalSection(ProjectConfigurationPlatforms) = postSolution
		{3F7C44F6-DA20-47BE-B304-B035E9B52EEA}.Debug|Any CPU.ActiveCfg = Debug|Any CPU
		{3F7C44F6-DA20-47BE-B304-B035E9B52EEA}.Debug|Any CPU.Build.0 = Debug|Any CPU
		{3F7C44F6-DA20-47BE-B304-B035E9B52EEA}.Release|Any CPU.ActiveCfg = Release|Any CPU
		{3F7C44F6-DA20-47BE-B304-B035E9B52EEA}.Release|Any CPU.Build.0 = Release|Any CPU
	EndGlobalSection
	GlobalSection(SolutionProperties) = preSolution
		HideSolutionNode = FALSE
	EndGlobalSection
	GlobalSection(ExtensibilityGlobals) = postSolution
		SolutionGuid = {5B0ED6B9-B2D7-453F-AE6F-98D38C2BC0D0}
	EndGlobalSection
EndGlobal
